
Microsoft Visual Studio Solution File, Format Version 12.00
# Visual Studio Version 17
VisualStudioVersion = 17.6.33712.159
MinimumVisualStudioVersion = 10.0.40219.1
Project("{8BC9CEB8-8B4A-11D0-8D11-00A0C91BC942}") = "Quiz2-Kassandra_ So", "Quiz2-Kassandra_ So.vcxproj", "{ABEE175B-EB4F-4D1D-AB14-56951C69819B}"
EndProject
Global
	GlobalSection(SolutionConfigurationPlatforms) = preSolution
		Debug|x64 = Debug|x64
		Debug|x86 = Debug|x86
		Release|x64 = Release|x64
		Release|x86 = Release|x86
	EndGlobalSection
	GlobalSection(ProjectConfigurationPlatforms) = postSolution
		{ABEE175B-EB4F-4D1D-AB14-56951C69819B}.Debug|x64.ActiveCfg = Debug|x64
		{ABEE175B-EB4F-4D1D-AB14-56951C69819B}.Debug|x64.Build.0 = Debug|x64
		{ABEE175B-EB4F-4D1D-AB14-56951C69819B}.Debug|x86.ActiveCfg = Debug|Win32
		{ABEE175B-EB4F-4D1D-AB14-56951C69819B}.Debug|x86.Build.0 = Debug|Win32
		{ABEE175B-EB4F-4D1D-AB14-56951C69819B}.Release|x64.ActiveCfg = Release|x64
		{ABEE175B-EB4F-4D1D-AB14-56951C69819B}.Release|x64.Build.0 = Release|x64
		{ABEE175B-EB4F-4D1D-AB14-56951C69819B}.Release|x86.ActiveCfg = Release|Win32
		{ABEE175B-EB4F-4D1D-AB14-56951C69819B}.Release|x86.Build.0 = Release|Win32
	EndGlobalSection
	GlobalSection(SolutionProperties) = preSolution
		HideSolutionNode = FALSE
	EndGlobalSection
	GlobalSection(ExtensibilityGlobals) = postSolution
		SolutionGuid = {FE18F8B0-98D6-401D-9E8E-E158B1D01796}
	EndGlobalSection
EndGlobal
